
Microsoft Visual Studio Solution File, Format Version 12.00
# Visual Studio Version 16
VisualStudioVersion = 16.0.31205.134
MinimumVisualStudioVersion = 10.0.40219.1
Project("{9A19103F-16F7-4668-BE54-9A1E7A4F7556}") = "cli-starter", "cli-starter.csproj", "{1087BF96-3D2C-4EE0-9F21-0A659D7E7580}"
EndProject
Project("{FAE04EC0-301F-11D3-BF4B-00C04F79EFBC}") = "cli-parser", "..\cli-parser\cli-parser.csproj", "{DA9D30E2-2DF2-4D84-8E81-04AD93745872}"
EndProject
Global
	GlobalSection(SolutionConfigurationPlatforms) = preSolution
		Debug|Any CPU = Debug|Any CPU
		Release|Any CPU = Release|Any CPU
	EndGlobalSection
	GlobalSection(ProjectConfigurationPlatforms) = postSolution
		{1087BF96-3D2C-4EE0-9F21-0A659D7E7580}.Debug|Any CPU.ActiveCfg = Debug|Any CPU
		{1087BF96-3D2C-4EE0-9F21-0A659D7E7580}.Debug|Any CPU.Build.0 = Debug|Any CPU
		{1087BF96-3D2C-4EE0-9F21-0A659D7E7580}.Release|Any CPU.ActiveCfg = Release|Any CPU
		{1087BF96-3D2C-4EE0-9F21-0A659D7E7580}.Release|Any CPU.Build.0 = Release|Any CPU
		{DA9D30E2-2DF2-4D84-8E81-04AD93745872}.Debug|Any CPU.ActiveCfg = Debug|Any CPU
		{DA9D30E2-2DF2-4D84-8E81-04AD93745872}.Debug|Any CPU.Build.0 = Debug|Any CPU
		{DA9D30E2-2DF2-4D84-8E81-04AD93745872}.Release|Any CPU.ActiveCfg = Release|Any CPU
		{DA9D30E2-2DF2-4D84-8E81-04AD93745872}.Release|Any CPU.Build.0 = Release|Any CPU
	EndGlobalSection
	GlobalSection(SolutionProperties) = preSolution
		HideSolutionNode = FALSE
	EndGlobalSection
	GlobalSection(ExtensibilityGlobals) = postSolution
		SolutionGuid = {256EAC5A-9A86-4850-827B-EF0489145D23}
	EndGlobalSection
EndGlobal
